
Microsoft Visual Studio Solution File, Format Version 12.00
# Visual Studio 14
VisualStudioVersion = 14.0.24720.0
MinimumVisualStudioVersion = 10.0.40219.1
Project("{2150E333-8FDC-42A3-9474-1A3956D46DE8}") = "Tests", "Tests", "{AA1436E3-791B-40BC-B904-3DE592C72986}"
EndProject
Project("{FAE04EC0-301F-11D3-BF4B-00C04F79EFBC}") = "AES.SecuritySvc.Tests", "AES.SecuritySvc.Tests\AES.SecuritySvc.Tests.csproj", "{15E23F31-8DB8-4B42-A3B6-743A403AFF24}"
EndProject
Project("{FAE04EC0-301F-11D3-BF4B-00C04F79EFBC}") = "AES.SecuritySvc", "AES.SecuritySvc\AES.SecuritySvc.csproj", "{4166F149-4DC5-4F14-828F-45EBAA9956CE}"
EndProject
Global
	GlobalSection(SolutionConfigurationPlatforms) = preSolution
		Debug|Any CPU = Debug|Any CPU
		Release|Any CPU = Release|Any CPU
	EndGlobalSection
	GlobalSection(ProjectConfigurationPlatforms) = postSolution
		{15E23F31-8DB8-4B42-A3B6-743A403AFF24}.Debug|Any CPU.ActiveCfg = Debug|Any CPU
		{15E23F31-8DB8-4B42-A3B6-743A403AFF24}.Debug|Any CPU.Build.0 = Debug|Any CPU
		{15E23F31-8DB8-4B42-A3B6-743A403AFF24}.Release|Any CPU.ActiveCfg = Release|Any CPU
		{15E23F31-8DB8-4B42-A3B6-743A403AFF24}.Release|Any CPU.Build.0 = Release|Any CPU
		{4166F149-4DC5-4F14-828F-45EBAA9956CE}.Debug|Any CPU.ActiveCfg = Debug|Any CPU
		{4166F149-4DC5-4F14-828F-45EBAA9956CE}.Debug|Any CPU.Build.0 = Debug|Any CPU
		{4166F149-4DC5-4F14-828F-45EBAA9956CE}.Release|Any CPU.ActiveCfg = Release|Any CPU
		{4166F149-4DC5-4F14-828F-45EBAA9956CE}.Release|Any CPU.Build.0 = Release|Any CPU
	EndGlobalSection
	GlobalSection(SolutionProperties) = preSolution
		HideSolutionNode = FALSE
	EndGlobalSection
	GlobalSection(NestedProjects) = preSolution
		{15E23F31-8DB8-4B42-A3B6-743A403AFF24} = {AA1436E3-791B-40BC-B904-3DE592C72986}
	EndGlobalSection
EndGlobal
