
Microsoft Visual Studio Solution File, Format Version 12.00
# Visual Studio 14
VisualStudioVersion = 14.0.25123.0
MinimumVisualStudioVersion = 10.0.40219.1
Project("{FAE04EC0-301F-11D3-BF4B-00C04F79EFBC}") = "~AES.Web", "AES.Web\~AES.Web.csproj", "{A4BB903F-43DB-4FF9-85DA-C756F355A8D0}"
	ProjectSection(ProjectDependencies) = postProject
		{AE630814-1469-494C-A38C-1F2DB29BA0BC} = {AE630814-1469-494C-A38C-1F2DB29BA0BC}
		{D74CBFA8-02D0-437F-8F06-00BF2883A6E2} = {D74CBFA8-02D0-437F-8F06-00BF2883A6E2}
		{C9E080BE-F9C5-422D-A06C-B7EC0364CB14} = {C9E080BE-F9C5-422D-A06C-B7EC0364CB14}
		{4181CDBE-DE7D-4703-B1E2-4921CAEC12DF} = {4181CDBE-DE7D-4703-B1E2-4921CAEC12DF}
	EndProjectSection
EndProject
Project("{2150E333-8FDC-42A3-9474-1A3956D46DE8}") = "Tests", "Tests", "{AA1436E3-791B-40BC-B904-3DE592C72986}"
EndProject
Project("{FAE04EC0-301F-11D3-BF4B-00C04F79EFBC}") = "AES.Entities", "AES.Entities\AES.Entities.csproj", "{B7A64050-2F1B-4709-BF04-09B0ED37EA71}"
EndProject
Project("{FAE04EC0-301F-11D3-BF4B-00C04F79EFBC}") = "AES.SecuritySvc", "AES.SecuritySvc\AES.SecuritySvc.csproj", "{E23B1CAB-7E31-4D89-8C33-049AB86299E1}"
EndProject
Project("{FAE04EC0-301F-11D3-BF4B-00C04F79EFBC}") = "AES.OpeningsSvc", "AES.OpeningsSvc\AES.OpeningsSvc.csproj", "{D74CBFA8-02D0-437F-8F06-00BF2883A6E2}"
EndProject
Project("{FAE04EC0-301F-11D3-BF4B-00C04F79EFBC}") = "AES.Shared", "AES.Shared\AES.Shared.csproj", "{BB832EDA-FF67-4ABB-A5C0-E11382577D5A}"
EndProject
Project("{FAE04EC0-301F-11D3-BF4B-00C04F79EFBC}") = "AES.ApplicationSvc", "AES.ApplicationSvc\AES.ApplicationSvc.csproj", "{4181CDBE-DE7D-4703-B1E2-4921CAEC12DF}"
EndProject
Project("{FAE04EC0-301F-11D3-BF4B-00C04F79EFBC}") = "AES.JobbingSvc", "AES.JobbingSvc\AES.JobbingSvc.csproj", "{C9E080BE-F9C5-422D-A06C-B7EC0364CB14}"
EndProject
Project("{FAE04EC0-301F-11D3-BF4B-00C04F79EFBC}") = "AES.ApplicationSvc.Tests", "Tests\AES.ApplicationSvc.Tests\AES.ApplicationSvc.Tests.csproj", "{DE9730A6-724E-4789-A080-4959B7CC8116}"
EndProject
Project("{FAE04EC0-301F-11D3-BF4B-00C04F79EFBC}") = "AES.JobbingSvc.Tests", "Tests\AES.JobbingSvc.Tests\AES.JobbingSvc.Tests.csproj", "{07D3B028-7C2D-45BE-88EF-754BC3529552}"
EndProject
Project("{FAE04EC0-301F-11D3-BF4B-00C04F79EFBC}") = "AES.OpeningSvc.Tests", "Tests\AES.OpeningSvc.Tests\AES.OpeningSvc.Tests.csproj", "{931E0896-AF2F-4C16-A1A8-179DB7B99F3F}"
EndProject
Project("{FAE04EC0-301F-11D3-BF4B-00C04F79EFBC}") = "AES.SecuritySvc.Tests", "Tests\AES.SecuritySvc.Tests\AES.SecuritySvc.Tests.csproj", "{15E23F31-8DB8-4B42-A3B6-743A403AFF24}"
EndProject
Project("{FAE04EC0-301F-11D3-BF4B-00C04F79EFBC}") = "AES.Web.Tests", "Tests\AES.Web.Tests\AES.Web.Tests.csproj", "{4B09B863-E8CA-46CC-BB40-A9D8BB2DFEBB}"
EndProject
Project("{FAE04EC0-301F-11D3-BF4B-00C04F79EFBC}") = "AES.ManagementSvc", "AES.ManagementSvc\AES.ManagementSvc.csproj", "{AE630814-1469-494C-A38C-1F2DB29BA0BC}"
	ProjectSection(ProjectDependencies) = postProject
		{E23B1CAB-7E31-4D89-8C33-049AB86299E1} = {E23B1CAB-7E31-4D89-8C33-049AB86299E1}
	EndProjectSection
EndProject
Project("{FAE04EC0-301F-11D3-BF4B-00C04F79EFBC}") = "AES.ManagementSvc.Tests", "Tests\AES.ManagementSvc.Tests\AES.ManagementSvc.Tests.csproj", "{D71C8FF9-5436-4354-898D-6EDBBBCB6FA7}"
EndProject
Global
	GlobalSection(SolutionConfigurationPlatforms) = preSolution
		Debug|Any CPU = Debug|Any CPU
		Debug|x86 = Debug|x86
		Release|Any CPU = Release|Any CPU
		Release|x86 = Release|x86
	EndGlobalSection
	GlobalSection(ProjectConfigurationPlatforms) = postSolution
		{A4BB903F-43DB-4FF9-85DA-C756F355A8D0}.Debug|Any CPU.ActiveCfg = Debug|Any CPU
		{A4BB903F-43DB-4FF9-85DA-C756F355A8D0}.Debug|Any CPU.Build.0 = Debug|Any CPU
		{A4BB903F-43DB-4FF9-85DA-C756F355A8D0}.Debug|x86.ActiveCfg = Debug|Any CPU
		{A4BB903F-43DB-4FF9-85DA-C756F355A8D0}.Debug|x86.Build.0 = Debug|Any CPU
		{A4BB903F-43DB-4FF9-85DA-C756F355A8D0}.Release|Any CPU.ActiveCfg = Release|Any CPU
		{A4BB903F-43DB-4FF9-85DA-C756F355A8D0}.Release|Any CPU.Build.0 = Release|Any CPU
		{A4BB903F-43DB-4FF9-85DA-C756F355A8D0}.Release|x86.ActiveCfg = Release|Any CPU
		{A4BB903F-43DB-4FF9-85DA-C756F355A8D0}.Release|x86.Build.0 = Release|Any CPU
		{B7A64050-2F1B-4709-BF04-09B0ED37EA71}.Debug|Any CPU.ActiveCfg = Debug|Any CPU
		{B7A64050-2F1B-4709-BF04-09B0ED37EA71}.Debug|Any CPU.Build.0 = Debug|Any CPU
		{B7A64050-2F1B-4709-BF04-09B0ED37EA71}.Debug|x86.ActiveCfg = Debug|Any CPU
		{B7A64050-2F1B-4709-BF04-09B0ED37EA71}.Debug|x86.Build.0 = Debug|Any CPU
		{B7A64050-2F1B-4709-BF04-09B0ED37EA71}.Release|Any CPU.ActiveCfg = Release|Any CPU
		{B7A64050-2F1B-4709-BF04-09B0ED37EA71}.Release|Any CPU.Build.0 = Release|Any CPU
		{B7A64050-2F1B-4709-BF04-09B0ED37EA71}.Release|x86.ActiveCfg = Release|Any CPU
		{B7A64050-2F1B-4709-BF04-09B0ED37EA71}.Release|x86.Build.0 = Release|Any CPU
		{E23B1CAB-7E31-4D89-8C33-049AB86299E1}.Debug|Any CPU.ActiveCfg = Debug|Any CPU
		{E23B1CAB-7E31-4D89-8C33-049AB86299E1}.Debug|Any CPU.Build.0 = Debug|Any CPU
		{E23B1CAB-7E31-4D89-8C33-049AB86299E1}.Debug|x86.ActiveCfg = Debug|Any CPU
		{E23B1CAB-7E31-4D89-8C33-049AB86299E1}.Debug|x86.Build.0 = Debug|Any CPU
		{E23B1CAB-7E31-4D89-8C33-049AB86299E1}.Release|Any CPU.ActiveCfg = Release|Any CPU
		{E23B1CAB-7E31-4D89-8C33-049AB86299E1}.Release|Any CPU.Build.0 = Release|Any CPU
		{E23B1CAB-7E31-4D89-8C33-049AB86299E1}.Release|x86.ActiveCfg = Release|Any CPU
		{E23B1CAB-7E31-4D89-8C33-049AB86299E1}.Release|x86.Build.0 = Release|Any CPU
		{D74CBFA8-02D0-437F-8F06-00BF2883A6E2}.Debug|Any CPU.ActiveCfg = Debug|Any CPU
		{D74CBFA8-02D0-437F-8F06-00BF2883A6E2}.Debug|Any CPU.Build.0 = Debug|Any CPU
		{D74CBFA8-02D0-437F-8F06-00BF2883A6E2}.Debug|x86.ActiveCfg = Debug|Any CPU
		{D74CBFA8-02D0-437F-8F06-00BF2883A6E2}.Debug|x86.Build.0 = Debug|Any CPU
		{D74CBFA8-02D0-437F-8F06-00BF2883A6E2}.Release|Any CPU.ActiveCfg = Release|Any CPU
		{D74CBFA8-02D0-437F-8F06-00BF2883A6E2}.Release|Any CPU.Build.0 = Release|Any CPU
		{D74CBFA8-02D0-437F-8F06-00BF2883A6E2}.Release|x86.ActiveCfg = Release|Any CPU
		{D74CBFA8-02D0-437F-8F06-00BF2883A6E2}.Release|x86.Build.0 = Release|Any CPU
		{BB832EDA-FF67-4ABB-A5C0-E11382577D5A}.Debug|Any CPU.ActiveCfg = Debug|Any CPU
		{BB832EDA-FF67-4ABB-A5C0-E11382577D5A}.Debug|Any CPU.Build.0 = Debug|Any CPU
		{BB832EDA-FF67-4ABB-A5C0-E11382577D5A}.Debug|x86.ActiveCfg = Debug|Any CPU
		{BB832EDA-FF67-4ABB-A5C0-E11382577D5A}.Debug|x86.Build.0 = Debug|Any CPU
		{BB832EDA-FF67-4ABB-A5C0-E11382577D5A}.Release|Any CPU.ActiveCfg = Release|Any CPU
		{BB832EDA-FF67-4ABB-A5C0-E11382577D5A}.Release|Any CPU.Build.0 = Release|Any CPU
		{BB832EDA-FF67-4ABB-A5C0-E11382577D5A}.Release|x86.ActiveCfg = Release|Any CPU
		{BB832EDA-FF67-4ABB-A5C0-E11382577D5A}.Release|x86.Build.0 = Release|Any CPU
		{4181CDBE-DE7D-4703-B1E2-4921CAEC12DF}.Debug|Any CPU.ActiveCfg = Debug|Any CPU
		{4181CDBE-DE7D-4703-B1E2-4921CAEC12DF}.Debug|Any CPU.Build.0 = Debug|Any CPU
		{4181CDBE-DE7D-4703-B1E2-4921CAEC12DF}.Debug|x86.ActiveCfg = Debug|Any CPU
		{4181CDBE-DE7D-4703-B1E2-4921CAEC12DF}.Debug|x86.Build.0 = Debug|Any CPU
		{4181CDBE-DE7D-4703-B1E2-4921CAEC12DF}.Release|Any CPU.ActiveCfg = Release|Any CPU
		{4181CDBE-DE7D-4703-B1E2-4921CAEC12DF}.Release|Any CPU.Build.0 = Release|Any CPU
		{4181CDBE-DE7D-4703-B1E2-4921CAEC12DF}.Release|x86.ActiveCfg = Release|Any CPU
		{4181CDBE-DE7D-4703-B1E2-4921CAEC12DF}.Release|x86.Build.0 = Release|Any CPU
		{C9E080BE-F9C5-422D-A06C-B7EC0364CB14}.Debug|Any CPU.ActiveCfg = Debug|Any CPU
		{C9E080BE-F9C5-422D-A06C-B7EC0364CB14}.Debug|Any CPU.Build.0 = Debug|Any CPU
		{C9E080BE-F9C5-422D-A06C-B7EC0364CB14}.Debug|x86.ActiveCfg = Debug|Any CPU
		{C9E080BE-F9C5-422D-A06C-B7EC0364CB14}.Debug|x86.Build.0 = Debug|Any CPU
		{C9E080BE-F9C5-422D-A06C-B7EC0364CB14}.Release|Any CPU.ActiveCfg = Release|Any CPU
		{C9E080BE-F9C5-422D-A06C-B7EC0364CB14}.Release|Any CPU.Build.0 = Release|Any CPU
		{C9E080BE-F9C5-422D-A06C-B7EC0364CB14}.Release|x86.ActiveCfg = Release|Any CPU
		{C9E080BE-F9C5-422D-A06C-B7EC0364CB14}.Release|x86.Build.0 = Release|Any CPU
		{DE9730A6-724E-4789-A080-4959B7CC8116}.Debug|Any CPU.ActiveCfg = Debug|Any CPU
		{DE9730A6-724E-4789-A080-4959B7CC8116}.Debug|Any CPU.Build.0 = Debug|Any CPU
		{DE9730A6-724E-4789-A080-4959B7CC8116}.Debug|x86.ActiveCfg = Debug|Any CPU
		{DE9730A6-724E-4789-A080-4959B7CC8116}.Debug|x86.Build.0 = Debug|Any CPU
		{DE9730A6-724E-4789-A080-4959B7CC8116}.Release|Any CPU.ActiveCfg = Release|Any CPU
		{DE9730A6-724E-4789-A080-4959B7CC8116}.Release|Any CPU.Build.0 = Release|Any CPU
		{DE9730A6-724E-4789-A080-4959B7CC8116}.Release|x86.ActiveCfg = Release|Any CPU
		{DE9730A6-724E-4789-A080-4959B7CC8116}.Release|x86.Build.0 = Release|Any CPU
		{07D3B028-7C2D-45BE-88EF-754BC3529552}.Debug|Any CPU.ActiveCfg = Debug|Any CPU
		{07D3B028-7C2D-45BE-88EF-754BC3529552}.Debug|Any CPU.Build.0 = Debug|Any CPU
		{07D3B028-7C2D-45BE-88EF-754BC3529552}.Debug|x86.ActiveCfg = Debug|Any CPU
		{07D3B028-7C2D-45BE-88EF-754BC3529552}.Debug|x86.Build.0 = Debug|Any CPU
		{07D3B028-7C2D-45BE-88EF-754BC3529552}.Release|Any CPU.ActiveCfg = Release|Any CPU
		{07D3B028-7C2D-45BE-88EF-754BC3529552}.Release|Any CPU.Build.0 = Release|Any CPU
		{07D3B028-7C2D-45BE-88EF-754BC3529552}.Release|x86.ActiveCfg = Release|Any CPU
		{07D3B028-7C2D-45BE-88EF-754BC3529552}.Release|x86.Build.0 = Release|Any CPU
		{931E0896-AF2F-4C16-A1A8-179DB7B99F3F}.Debug|Any CPU.ActiveCfg = Debug|Any CPU
		{931E0896-AF2F-4C16-A1A8-179DB7B99F3F}.Debug|Any CPU.Build.0 = Debug|Any CPU
		{931E0896-AF2F-4C16-A1A8-179DB7B99F3F}.Debug|x86.ActiveCfg = Debug|Any CPU
		{931E0896-AF2F-4C16-A1A8-179DB7B99F3F}.Debug|x86.Build.0 = Debug|Any CPU
		{931E0896-AF2F-4C16-A1A8-179DB7B99F3F}.Release|Any CPU.ActiveCfg = Release|Any CPU
		{931E0896-AF2F-4C16-A1A8-179DB7B99F3F}.Release|Any CPU.Build.0 = Release|Any CPU
		{931E0896-AF2F-4C16-A1A8-179DB7B99F3F}.Release|x86.ActiveCfg = Release|Any CPU
		{931E0896-AF2F-4C16-A1A8-179DB7B99F3F}.Release|x86.Build.0 = Release|Any CPU
		{15E23F31-8DB8-4B42-A3B6-743A403AFF24}.Debug|Any CPU.ActiveCfg = Debug|Any CPU
		{15E23F31-8DB8-4B42-A3B6-743A403AFF24}.Debug|Any CPU.Build.0 = Debug|Any CPU
		{15E23F31-8DB8-4B42-A3B6-743A403AFF24}.Debug|x86.ActiveCfg = Debug|Any CPU
		{15E23F31-8DB8-4B42-A3B6-743A403AFF24}.Debug|x86.Build.0 = Debug|Any CPU
		{15E23F31-8DB8-4B42-A3B6-743A403AFF24}.Release|Any CPU.ActiveCfg = Release|Any CPU
		{15E23F31-8DB8-4B42-A3B6-743A403AFF24}.Release|Any CPU.Build.0 = Release|Any CPU
		{15E23F31-8DB8-4B42-A3B6-743A403AFF24}.Release|x86.ActiveCfg = Release|Any CPU
		{15E23F31-8DB8-4B42-A3B6-743A403AFF24}.Release|x86.Build.0 = Release|Any CPU
		{4B09B863-E8CA-46CC-BB40-A9D8BB2DFEBB}.Debug|Any CPU.ActiveCfg = Debug|Any CPU
		{4B09B863-E8CA-46CC-BB40-A9D8BB2DFEBB}.Debug|Any CPU.Build.0 = Debug|Any CPU
		{4B09B863-E8CA-46CC-BB40-A9D8BB2DFEBB}.Debug|x86.ActiveCfg = Debug|Any CPU
		{4B09B863-E8CA-46CC-BB40-A9D8BB2DFEBB}.Debug|x86.Build.0 = Debug|Any CPU
		{4B09B863-E8CA-46CC-BB40-A9D8BB2DFEBB}.Release|Any CPU.ActiveCfg = Release|Any CPU
		{4B09B863-E8CA-46CC-BB40-A9D8BB2DFEBB}.Release|Any CPU.Build.0 = Release|Any CPU
		{4B09B863-E8CA-46CC-BB40-A9D8BB2DFEBB}.Release|x86.ActiveCfg = Release|Any CPU
		{4B09B863-E8CA-46CC-BB40-A9D8BB2DFEBB}.Release|x86.Build.0 = Release|Any CPU
		{AE630814-1469-494C-A38C-1F2DB29BA0BC}.Debug|Any CPU.ActiveCfg = Debug|Any CPU
		{AE630814-1469-494C-A38C-1F2DB29BA0BC}.Debug|Any CPU.Build.0 = Debug|Any CPU
		{AE630814-1469-494C-A38C-1F2DB29BA0BC}.Debug|x86.ActiveCfg = Debug|Any CPU
		{AE630814-1469-494C-A38C-1F2DB29BA0BC}.Debug|x86.Build.0 = Debug|Any CPU
		{AE630814-1469-494C-A38C-1F2DB29BA0BC}.Release|Any CPU.ActiveCfg = Release|Any CPU
		{AE630814-1469-494C-A38C-1F2DB29BA0BC}.Release|Any CPU.Build.0 = Release|Any CPU
		{AE630814-1469-494C-A38C-1F2DB29BA0BC}.Release|x86.ActiveCfg = Release|Any CPU
		{AE630814-1469-494C-A38C-1F2DB29BA0BC}.Release|x86.Build.0 = Release|Any CPU
		{D71C8FF9-5436-4354-898D-6EDBBBCB6FA7}.Debug|Any CPU.ActiveCfg = Debug|Any CPU
		{D71C8FF9-5436-4354-898D-6EDBBBCB6FA7}.Debug|Any CPU.Build.0 = Debug|Any CPU
		{D71C8FF9-5436-4354-898D-6EDBBBCB6FA7}.Debug|x86.ActiveCfg = Debug|Any CPU
		{D71C8FF9-5436-4354-898D-6EDBBBCB6FA7}.Debug|x86.Build.0 = Debug|Any CPU
		{D71C8FF9-5436-4354-898D-6EDBBBCB6FA7}.Release|Any CPU.ActiveCfg = Release|Any CPU
		{D71C8FF9-5436-4354-898D-6EDBBBCB6FA7}.Release|Any CPU.Build.0 = Release|Any CPU
		{D71C8FF9-5436-4354-898D-6EDBBBCB6FA7}.Release|x86.ActiveCfg = Release|Any CPU
		{D71C8FF9-5436-4354-898D-6EDBBBCB6FA7}.Release|x86.Build.0 = Release|Any CPU
	EndGlobalSection
	GlobalSection(SolutionProperties) = preSolution
		HideSolutionNode = FALSE
	EndGlobalSection
	GlobalSection(NestedProjects) = preSolution
		{DE9730A6-724E-4789-A080-4959B7CC8116} = {AA1436E3-791B-40BC-B904-3DE592C72986}
		{07D3B028-7C2D-45BE-88EF-754BC3529552} = {AA1436E3-791B-40BC-B904-3DE592C72986}
		{931E0896-AF2F-4C16-A1A8-179DB7B99F3F} = {AA1436E3-791B-40BC-B904-3DE592C72986}
		{15E23F31-8DB8-4B42-A3B6-743A403AFF24} = {AA1436E3-791B-40BC-B904-3DE592C72986}
		{4B09B863-E8CA-46CC-BB40-A9D8BB2DFEBB} = {AA1436E3-791B-40BC-B904-3DE592C72986}
		{D71C8FF9-5436-4354-898D-6EDBBBCB6FA7} = {AA1436E3-791B-40BC-B904-3DE592C72986}
	EndGlobalSection
EndGlobal
